
Microsoft Visual Studio Solution File, Format Version 12.00
# Visual Studio Version 17
VisualStudioVersion = 17.8.34601.278
MinimumVisualStudioVersion = 10.0.40219.1
Project("{FAE04EC0-301F-11D3-BF4B-00C04F79EFBC}") = "WebApplication11", "WebApplication11\WebApplication11.csproj", "{B7199967-6365-47AE-8FEC-D64E3B40014F}"
EndProject
Global
	GlobalSection(SolutionConfigurationPlatforms) = preSolution
		Debug|Any CPU = Debug|Any CPU
		Release|Any CPU = Release|Any CPU
	EndGlobalSection
	GlobalSection(ProjectConfigurationPlatforms) = postSolution
		{B7199967-6365-47AE-8FEC-D64E3B40014F}.Debug|Any CPU.ActiveCfg = Debug|Any CPU
		{B7199967-6365-47AE-8FEC-D64E3B40014F}.Debug|Any CPU.Build.0 = Debug|Any CPU
		{B7199967-6365-47AE-8FEC-D64E3B40014F}.Release|Any CPU.ActiveCfg = Release|Any CPU
		{B7199967-6365-47AE-8FEC-D64E3B40014F}.Release|Any CPU.Build.0 = Release|Any CPU
	EndGlobalSection
	GlobalSection(SolutionProperties) = preSolution
		HideSolutionNode = FALSE
	EndGlobalSection
	GlobalSection(ExtensibilityGlobals) = postSolution
		SolutionGuid = {4F473081-A6AE-45A0-8A48-9F3F852880E3}
	EndGlobalSection
EndGlobal
